
Microsoft Visual Studio Solution File, Format Version 12.00
# Visual Studio Version 16
VisualStudioVersion = 16.0.31624.102
MinimumVisualStudioVersion = 10.0.40219.1
Project("{FAE04EC0-301F-11D3-BF4B-00C04F79EFBC}") = "HotelListing", "HotelListing\HotelListing.csproj", "{B4006C76-A519-41DF-8E7B-4C4A89E338E3}"
EndProject
Global
	GlobalSection(SolutionConfigurationPlatforms) = preSolution
		Debug|Any CPU = Debug|Any CPU
		Release|Any CPU = Release|Any CPU
	EndGlobalSection
	GlobalSection(ProjectConfigurationPlatforms) = postSolution
		{B4006C76-A519-41DF-8E7B-4C4A89E338E3}.Debug|Any CPU.ActiveCfg = Debug|Any CPU
		{B4006C76-A519-41DF-8E7B-4C4A89E338E3}.Debug|Any CPU.Build.0 = Debug|Any CPU
		{B4006C76-A519-41DF-8E7B-4C4A89E338E3}.Release|Any CPU.ActiveCfg = Release|Any CPU
		{B4006C76-A519-41DF-8E7B-4C4A89E338E3}.Release|Any CPU.Build.0 = Release|Any CPU
	EndGlobalSection
	GlobalSection(SolutionProperties) = preSolution
		HideSolutionNode = FALSE
	EndGlobalSection
	GlobalSection(ExtensibilityGlobals) = postSolution
		SolutionGuid = {1961A264-B751-437B-85C2-7D1BC2851BA1}
	EndGlobalSection
EndGlobal
